
Microsoft Visual Studio Solution File, Format Version 12.00
# Visual Studio Version 16
VisualStudioVersion = 16.0.30907.101
MinimumVisualStudioVersion = 10.0.40219.1
Project("{888888A0-9F3D-457C-B088-3A5042F75D52}") = "robotika", "robotika\robotika.pyproj", "{B4E429A7-80D6-40F6-980D-C377C4EA4CFD}"
EndProject
Global
	GlobalSection(SolutionConfigurationPlatforms) = preSolution
		Debug|Any CPU = Debug|Any CPU
		Release|Any CPU = Release|Any CPU
	EndGlobalSection
	GlobalSection(ProjectConfigurationPlatforms) = postSolution
		{B4E429A7-80D6-40F6-980D-C377C4EA4CFD}.Debug|Any CPU.ActiveCfg = Debug|Any CPU
		{B4E429A7-80D6-40F6-980D-C377C4EA4CFD}.Release|Any CPU.ActiveCfg = Release|Any CPU
	EndGlobalSection
	GlobalSection(SolutionProperties) = preSolution
		HideSolutionNode = FALSE
	EndGlobalSection
	GlobalSection(ExtensibilityGlobals) = postSolution
		SolutionGuid = {28081EB3-3D66-4E6E-8379-BCAC302F525F}
	EndGlobalSection
EndGlobal
